Microsoft Visual Studio Solution File, Format Version 12.00
# Visual Studio Version 17
VisualStudioVersion = 17.5.2.0
MinimumVisualStudioVersion = 10.0.40219.1
Project("{2150E333-8FDC-42A3-9474-1A3956D46DE8}") = "vue-csharp-ui-auto", "vue-csharp-ui-auto", "{D59874D7-E653-EA4A-3D39-9A9537DB961B}"
EndProject
Project("{FAE04EC0-301F-11D3-BF4B-00C04F79EFBC}") = "Backend", "vue-csharp-ui-auto\Backend\Backend.csproj", "{C6BA3E7B-03C7-3BC3-65E7-8D9B1D8DD11D}"
EndProject
Global
	GlobalSection(SolutionConfigurationPlatforms) = preSolution
		Debug|Any CPU = Debug|Any CPU
		Release|Any CPU = Release|Any CPU
	EndGlobalSection
	GlobalSection(ProjectConfigurationPlatforms) = postSolution
		{C6BA3E7B-03C7-3BC3-65E7-8D9B1D8DD11D}.Debug|Any CPU.ActiveCfg = Debug|Any CPU
		{C6BA3E7B-03C7-3BC3-65E7-8D9B1D8DD11D}.Debug|Any CPU.Build.0 = Debug|Any CPU
		{C6BA3E7B-03C7-3BC3-65E7-8D9B1D8DD11D}.Release|Any CPU.ActiveCfg = Release|Any CPU
		{C6BA3E7B-03C7-3BC3-65E7-8D9B1D8DD11D}.Release|Any CPU.Build.0 = Release|Any CPU
	EndGlobalSection
	GlobalSection(SolutionProperties) = preSolution
		HideSolutionNode = FALSE
	EndGlobalSection
	GlobalSection(NestedProjects) = preSolution
		{C6BA3E7B-03C7-3BC3-65E7-8D9B1D8DD11D} = {D59874D7-E653-EA4A-3D39-9A9537DB961B}
	EndGlobalSection
	GlobalSection(ExtensibilityGlobals) = postSolution
		SolutionGuid = {ADC1D251-DD56-4A4B-847B-808FAD5CB069}
	EndGlobalSection
EndGlobal
