
Microsoft Visual Studio Solution File, Format Version 12.00
# Visual Studio Version 17
VisualStudioVersion = 17.14.36717.8 d17.14
MinimumVisualStudioVersion = 10.0.40219.1
Project("{FAE04EC0-301F-11D3-BF4B-00C04F79EFBC}") = "ConsoleApp1", "ConsoleApp1.csproj", "{0A9E3E23-21CB-4A2E-9E5F-B52705FAD300}"
EndProject
Global
	GlobalSection(SolutionConfigurationPlatforms) = preSolution
		Debug|Any CPU = Debug|Any CPU
		Release|Any CPU = Release|Any CPU
	EndGlobalSection
	GlobalSection(ProjectConfigurationPlatforms) = postSolution
		{0A9E3E23-21CB-4A2E-9E5F-B52705FAD300}.Debug|Any CPU.ActiveCfg = Debug|Any CPU
		{0A9E3E23-21CB-4A2E-9E5F-B52705FAD300}.Debug|Any CPU.Build.0 = Debug|Any CPU
		{0A9E3E23-21CB-4A2E-9E5F-B52705FAD300}.Release|Any CPU.ActiveCfg = Release|Any CPU
		{0A9E3E23-21CB-4A2E-9E5F-B52705FAD300}.Release|Any CPU.Build.0 = Release|Any CPU
	EndGlobalSection
	GlobalSection(SolutionProperties) = preSolution
		HideSolutionNode = FALSE
	EndGlobalSection
	GlobalSection(ExtensibilityGlobals) = postSolution
		SolutionGuid = {E664C71B-8996-4C6D-B87A-6E9004204D89}
	EndGlobalSection
EndGlobal
